
Microsoft Visual Studio Solution File, Format Version 12.00
# Visual Studio Version 16
VisualStudioVersion = 16.0.29209.62
MinimumVisualStudioVersion = 10.0.40219.1
Project("{9A19103F-16F7-4668-BE54-9A1E7A4F7556}") = "Blueberry.Core", "Blueberry.Core\Blueberry.Core.csproj", "{12F8FC81-EB57-4AAD-817F-F636BA1F3195}"
EndProject
Project("{9A19103F-16F7-4668-BE54-9A1E7A4F7556}") = "Blueberry.Mobile.UI", "Blueberry.Mobile.UI\Blueberry.Mobile.UI.csproj", "{7C9D80D2-B5B6-4552-8919-2817D8A1C4AA}"
EndProject
Project("{FAE04EC0-301F-11D3-BF4B-00C04F79EFBC}") = "Blueberry.Mobile.iOSApp", "Blueberry.Mobile.iOSApp\Blueberry.Mobile.iOSApp.csproj", "{513547E0-ABC7-4148-AE24-A7E5923F9447}"
EndProject
Project("{FAE04EC0-301F-11D3-BF4B-00C04F79EFBC}") = "Blueberry.Mobile.AndroidApp", "Blueberry.Mobile.AndroidApp\Blueberry.Mobile.AndroidApp.csproj", "{4424C075-B861-429B-8F65-2DA803E228F4}"
EndProject
Project("{9A19103F-16F7-4668-BE54-9A1E7A4F7556}") = "Blueberry.Desktop.WindowsApp", "Blueberry.Desktop.WindowsApp\Blueberry.Desktop.WindowsApp.csproj", "{A40DDDFF-03E0-4553-91D8-F37C37F766B1}"
EndProject
Project("{2150E333-8FDC-42A3-9474-1A3956D46DE8}") = "Mobile", "Mobile", "{AB17B59E-7BE7-4761-8D88-165F4D3F5C48}"
EndProject
Project("{2150E333-8FDC-42A3-9474-1A3956D46DE8}") = "Desktop", "Desktop", "{C77DD5EF-DD57-4369-A00D-C6C9B1519B0C}"
EndProject
Project("{2150E333-8FDC-42A3-9474-1A3956D46DE8}") = "Core", "Core", "{5392A656-6E02-45A9-8AE5-221F26B78BBE}"
EndProject
Project("{FAE04EC0-301F-11D3-BF4B-00C04F79EFBC}") = "Blueberry.Desktop.WindowsApp.Bluetooth", "Blueberry.Desktop.WindowsApp.Bluetooth\Blueberry.Desktop.WindowsApp.Bluetooth.csproj", "{A8E5DD00-7F3C-47CB-ADD2-285F07DCE3F1}"
EndProject
Project("{FAE04EC0-301F-11D3-BF4B-00C04F79EFBC}") = "Blueberry.Desktop.ConsolePlayground", "Blueberry.Desktop.ConsolePlayground\Blueberry.Desktop.ConsolePlayground.csproj", "{961F518E-9EFC-4E90-B982-974AC9FCF8E6}"
EndProject
Global
	GlobalSection(SolutionConfigurationPlatforms) = preSolution
		Debug|Any CPU = Debug|Any CPU
		Debug|iPhone = Debug|iPhone
		Debug|iPhoneSimulator = Debug|iPhoneSimulator
		Release|Any CPU = Release|Any CPU
		Release|iPhone = Release|iPhone
		Release|iPhoneSimulator = Release|iPhoneSimulator
	EndGlobalSection
	GlobalSection(ProjectConfigurationPlatforms) = postSolution
		{12F8FC81-EB57-4AAD-817F-F636BA1F3195}.Debug|Any CPU.ActiveCfg = Debug|Any CPU
		{12F8FC81-EB57-4AAD-817F-F636BA1F3195}.Debug|Any CPU.Build.0 = Debug|Any CPU
		{12F8FC81-EB57-4AAD-817F-F636BA1F3195}.Debug|iPhone.ActiveCfg = Debug|Any CPU
		{12F8FC81-EB57-4AAD-817F-F636BA1F3195}.Debug|iPhone.Build.0 = Debug|Any CPU
		{12F8FC81-EB57-4AAD-817F-F636BA1F3195}.Debug|iPhoneSimulator.ActiveCfg = Debug|Any CPU
		{12F8FC81-EB57-4AAD-817F-F636BA1F3195}.Debug|iPhoneSimulator.Build.0 = Debug|Any CPU
		{12F8FC81-EB57-4AAD-817F-F636BA1F3195}.Release|Any CPU.ActiveCfg = Release|Any CPU
		{12F8FC81-EB57-4AAD-817F-F636BA1F3195}.Release|Any CPU.Build.0 = Release|Any CPU
		{12F8FC81-EB57-4AAD-817F-F636BA1F3195}.Release|iPhone.ActiveCfg = Release|Any CPU
		{12F8FC81-EB57-4AAD-817F-F636BA1F3195}.Release|iPhone.Build.0 = Release|Any CPU
		{12F8FC81-EB57-4AAD-817F-F636BA1F3195}.Release|iPhoneSimulator.ActiveCfg = Release|Any CPU
		{12F8FC81-EB57-4AAD-817F-F636BA1F3195}.Release|iPhoneSimulator.Build.0 = Release|Any CPU
		{7C9D80D2-B5B6-4552-8919-2817D8A1C4AA}.Debug|Any CPU.ActiveCfg = Debug|Any CPU
		{7C9D80D2-B5B6-4552-8919-2817D8A1C4AA}.Debug|Any CPU.Build.0 = Debug|Any CPU
		{7C9D80D2-B5B6-4552-8919-2817D8A1C4AA}.Debug|iPhone.ActiveCfg = Debug|Any CPU
		{7C9D80D2-B5B6-4552-8919-2817D8A1C4AA}.Debug|iPhone.Build.0 = Debug|Any CPU
		{7C9D80D2-B5B6-4552-8919-2817D8A1C4AA}.Debug|iPhoneSimulator.ActiveCfg = Debug|Any CPU
		{7C9D80D2-B5B6-4552-8919-2817D8A1C4AA}.Debug|iPhoneSimulator.Build.0 = Debug|Any CPU
		{7C9D80D2-B5B6-4552-8919-2817D8A1C4AA}.Release|Any CPU.ActiveCfg = Release|Any CPU
		{7C9D80D2-B5B6-4552-8919-2817D8A1C4AA}.Release|Any CPU.Build.0 = Release|Any CPU
		{7C9D80D2-B5B6-4552-8919-2817D8A1C4AA}.Release|iPhone.ActiveCfg = Release|Any CPU
		{7C9D80D2-B5B6-4552-8919-2817D8A1C4AA}.Release|iPhone.Build.0 = Release|Any CPU
		{7C9D80D2-B5B6-4552-8919-2817D8A1C4AA}.Release|iPhoneSimulator.ActiveCfg = Release|Any CPU
		{7C9D80D2-B5B6-4552-8919-2817D8A1C4AA}.Release|iPhoneSimulator.Build.0 = Release|Any CPU
		{513547E0-ABC7-4148-AE24-A7E5923F9447}.Debug|Any CPU.ActiveCfg = Debug|iPhone
		{513547E0-ABC7-4148-AE24-A7E5923F9447}.Debug|iPhone.ActiveCfg = Debug|iPhone
		{513547E0-ABC7-4148-AE24-A7E5923F9447}.Debug|iPhone.Build.0 = Debug|iPhone
		{513547E0-ABC7-4148-AE24-A7E5923F9447}.Debug|iPhoneSimulator.ActiveCfg = Debug|iPhoneSimulator
		{513547E0-ABC7-4148-AE24-A7E5923F9447}.Debug|iPhoneSimulator.Build.0 = Debug|iPhoneSimulator
		{513547E0-ABC7-4148-AE24-A7E5923F9447}.Release|Any CPU.ActiveCfg = Release|iPhone
		{513547E0-ABC7-4148-AE24-A7E5923F9447}.Release|iPhone.ActiveCfg = Release|iPhone
		{513547E0-ABC7-4148-AE24-A7E5923F9447}.Release|iPhone.Build.0 = Release|iPhone
		{513547E0-ABC7-4148-AE24-A7E5923F9447}.Release|iPhoneSimulator.ActiveCfg = Release|iPhoneSimulator
		{513547E0-ABC7-4148-AE24-A7E5923F9447}.Release|iPhoneSimulator.Build.0 = Release|iPhoneSimulator
		{4424C075-B861-429B-8F65-2DA803E228F4}.Debug|Any CPU.ActiveCfg = Debug|Any CPU
		{4424C075-B861-429B-8F65-2DA803E228F4}.Debug|Any CPU.Build.0 = Debug|Any CPU
		{4424C075-B861-429B-8F65-2DA803E228F4}.Debug|Any CPU.Deploy.0 = Debug|Any CPU
		{4424C075-B861-429B-8F65-2DA803E228F4}.Debug|iPhone.ActiveCfg = Debug|Any CPU
		{4424C075-B861-429B-8F65-2DA803E228F4}.Debug|iPhone.Build.0 = Debug|Any CPU
		{4424C075-B861-429B-8F65-2DA803E228F4}.Debug|iPhone.Deploy.0 = Debug|Any CPU
		{4424C075-B861-429B-8F65-2DA803E228F4}.Debug|iPhoneSimulator.ActiveCfg = Debug|Any CPU
		{4424C075-B861-429B-8F65-2DA803E228F4}.Debug|iPhoneSimulator.Build.0 = Debug|Any CPU
		{4424C075-B861-429B-8F65-2DA803E228F4}.Debug|iPhoneSimulator.Deploy.0 = Debug|Any CPU
		{4424C075-B861-429B-8F65-2DA803E228F4}.Release|Any CPU.ActiveCfg = Release|Any CPU
		{4424C075-B861-429B-8F65-2DA803E228F4}.Release|Any CPU.Build.0 = Release|Any CPU
		{4424C075-B861-429B-8F65-2DA803E228F4}.Release|Any CPU.Deploy.0 = Release|Any CPU
		{4424C075-B861-429B-8F65-2DA803E228F4}.Release|iPhone.ActiveCfg = Release|Any CPU
		{4424C075-B861-429B-8F65-2DA803E228F4}.Release|iPhone.Build.0 = Release|Any CPU
		{4424C075-B861-429B-8F65-2DA803E228F4}.Release|iPhone.Deploy.0 = Release|Any CPU
		{4424C075-B861-429B-8F65-2DA803E228F4}.Release|iPhoneSimulator.ActiveCfg = Release|Any CPU
		{4424C075-B861-429B-8F65-2DA803E228F4}.Release|iPhoneSimulator.Build.0 = Release|Any CPU
		{4424C075-B861-429B-8F65-2DA803E228F4}.Release|iPhoneSimulator.Deploy.0 = Release|Any CPU
		{A40DDDFF-03E0-4553-91D8-F37C37F766B1}.Debug|Any CPU.ActiveCfg = Debug|Any CPU
		{A40DDDFF-03E0-4553-91D8-F37C37F766B1}.Debug|Any CPU.Build.0 = Debug|Any CPU
		{A40DDDFF-03E0-4553-91D8-F37C37F766B1}.Debug|iPhone.ActiveCfg = Debug|Any CPU
		{A40DDDFF-03E0-4553-91D8-F37C37F766B1}.Debug|iPhone.Build.0 = Debug|Any CPU
		{A40DDDFF-03E0-4553-91D8-F37C37F766B1}.Debug|iPhoneSimulator.ActiveCfg = Debug|Any CPU
		{A40DDDFF-03E0-4553-91D8-F37C37F766B1}.Debug|iPhoneSimulator.Build.0 = Debug|Any CPU
		{A40DDDFF-03E0-4553-91D8-F37C37F766B1}.Release|Any CPU.ActiveCfg = Release|Any CPU
		{A40DDDFF-03E0-4553-91D8-F37C37F766B1}.Release|Any CPU.Build.0 = Release|Any CPU
		{A40DDDFF-03E0-4553-91D8-F37C37F766B1}.Release|iPhone.ActiveCfg = Release|Any CPU
		{A40DDDFF-03E0-4553-91D8-F37C37F766B1}.Release|iPhone.Build.0 = Release|Any CPU
		{A40DDDFF-03E0-4553-91D8-F37C37F766B1}.Release|iPhoneSimulator.ActiveCfg = Release|Any CPU
		{A40DDDFF-03E0-4553-91D8-F37C37F766B1}.Release|iPhoneSimulator.Build.0 = Release|Any CPU
		{A8E5DD00-7F3C-47CB-ADD2-285F07DCE3F1}.Debug|Any CPU.ActiveCfg = Debug|Any CPU
		{A8E5DD00-7F3C-47CB-ADD2-285F07DCE3F1}.Debug|Any CPU.Build.0 = Debug|Any CPU
		{A8E5DD00-7F3C-47CB-ADD2-285F07DCE3F1}.Debug|iPhone.ActiveCfg = Debug|Any CPU
		{A8E5DD00-7F3C-47CB-ADD2-285F07DCE3F1}.Debug|iPhone.Build.0 = Debug|Any CPU
		{A8E5DD00-7F3C-47CB-ADD2-285F07DCE3F1}.Debug|iPhoneSimulator.ActiveCfg = Debug|Any CPU
		{A8E5DD00-7F3C-47CB-ADD2-285F07DCE3F1}.Debug|iPhoneSimulator.Build.0 = Debug|Any CPU
		{A8E5DD00-7F3C-47CB-ADD2-285F07DCE3F1}.Release|Any CPU.ActiveCfg = Release|Any CPU
		{A8E5DD00-7F3C-47CB-ADD2-285F07DCE3F1}.Release|Any CPU.Build.0 = Release|Any CPU
		{A8E5DD00-7F3C-47CB-ADD2-285F07DCE3F1}.Release|iPhone.ActiveCfg = Release|Any CPU
		{A8E5DD00-7F3C-47CB-ADD2-285F07DCE3F1}.Release|iPhone.Build.0 = Release|Any CPU
		{A8E5DD00-7F3C-47CB-ADD2-285F07DCE3F1}.Release|iPhoneSimulator.ActiveCfg = Release|Any CPU
		{A8E5DD00-7F3C-47CB-ADD2-285F07DCE3F1}.Release|iPhoneSimulator.Build.0 = Release|Any CPU
		{961F518E-9EFC-4E90-B982-974AC9FCF8E6}.Debug|Any CPU.ActiveCfg = Debug|Any CPU
		{961F518E-9EFC-4E90-B982-974AC9FCF8E6}.Debug|Any CPU.Build.0 = Debug|Any CPU
		{961F518E-9EFC-4E90-B982-974AC9FCF8E6}.Debug|iPhone.ActiveCfg = Debug|Any CPU
		{961F518E-9EFC-4E90-B982-974AC9FCF8E6}.Debug|iPhone.Build.0 = Debug|Any CPU
		{961F518E-9EFC-4E90-B982-974AC9FCF8E6}.Debug|iPhoneSimulator.ActiveCfg = Debug|Any CPU
		{961F518E-9EFC-4E90-B982-974AC9FCF8E6}.Debug|iPhoneSimulator.Build.0 = Debug|Any CPU
		{961F518E-9EFC-4E90-B982-974AC9FCF8E6}.Release|Any CPU.ActiveCfg = Release|Any CPU
		{961F518E-9EFC-4E90-B982-974AC9FCF8E6}.Release|Any CPU.Build.0 = Release|Any CPU
		{961F518E-9EFC-4E90-B982-974AC9FCF8E6}.Release|iPhone.ActiveCfg = Release|Any CPU
		{961F518E-9EFC-4E90-B982-974AC9FCF8E6}.Release|iPhone.Build.0 = Release|Any CPU
		{961F518E-9EFC-4E90-B982-974AC9FCF8E6}.Release|iPhoneSimulator.ActiveCfg = Release|Any CPU
		{961F518E-9EFC-4E90-B982-974AC9FCF8E6}.Release|iPhoneSimulator.Build.0 = Release|Any CPU
	EndGlobalSection
	GlobalSection(SolutionProperties) = preSolution
		HideSolutionNode = FALSE
	EndGlobalSection
	GlobalSection(NestedProjects) = preSolution
		{12F8FC81-EB57-4AAD-817F-F636BA1F3195} = {5392A656-6E02-45A9-8AE5-221F26B78BBE}
		{7C9D80D2-B5B6-4552-8919-2817D8A1C4AA} = {AB17B59E-7BE7-4761-8D88-165F4D3F5C48}
		{513547E0-ABC7-4148-AE24-A7E5923F9447} = {AB17B59E-7BE7-4761-8D88-165F4D3F5C48}
		{4424C075-B861-429B-8F65-2DA803E228F4} = {AB17B59E-7BE7-4761-8D88-165F4D3F5C48}
		{A40DDDFF-03E0-4553-91D8-F37C37F766B1} = {C77DD5EF-DD57-4369-A00D-C6C9B1519B0C}
		{A8E5DD00-7F3C-47CB-ADD2-285F07DCE3F1} = {C77DD5EF-DD57-4369-A00D-C6C9B1519B0C}
		{961F518E-9EFC-4E90-B982-974AC9FCF8E6} = {C77DD5EF-DD57-4369-A00D-C6C9B1519B0C}
	EndGlobalSection
	GlobalSection(ExtensibilityGlobals) = postSolution
		SolutionGuid = {F2AD42BE-F5D7-49BB-930E-03CFB2308415}
	EndGlobalSection
EndGlobal
